
Microsoft Visual Studio Solution File, Format Version 12.00
# Visual Studio Version 17
VisualStudioVersion = 17.10.34707.107
MinimumVisualStudioVersion = 10.0.40219.1
Project("{FAE04EC0-301F-11D3-BF4B-00C04F79EFBC}") = "DeleteEmptyFiles", "DeleteEmptyFiles\DeleteEmptyFiles.csproj", "{A47AC9F4-432B-4592-9FE8-B4846A5FD4CB}"
EndProject
Global
	GlobalSection(SolutionConfigurationPlatforms) = preSolution
		Debug|Any CPU = Debug|Any CPU
		Release|Any CPU = Release|Any CPU
	EndGlobalSection
	GlobalSection(ProjectConfigurationPlatforms) = postSolution
		{A47AC9F4-432B-4592-9FE8-B4846A5FD4CB}.Debug|Any CPU.ActiveCfg = Debug|Any CPU
		{A47AC9F4-432B-4592-9FE8-B4846A5FD4CB}.Debug|Any CPU.Build.0 = Debug|Any CPU
		{A47AC9F4-432B-4592-9FE8-B4846A5FD4CB}.Release|Any CPU.ActiveCfg = Release|Any CPU
		{A47AC9F4-432B-4592-9FE8-B4846A5FD4CB}.Release|Any CPU.Build.0 = Release|Any CPU
	EndGlobalSection
	GlobalSection(SolutionProperties) = preSolution
		HideSolutionNode = FALSE
	EndGlobalSection
	GlobalSection(ExtensibilityGlobals) = postSolution
		SolutionGuid = {9756FF4E-B172-497D-8BB4-BB724ACA20A9}
	EndGlobalSection
EndGlobal
